// !$*UTF8*$!
{
	archiveVersion = 1;
	classes = {
	};
	objectVersion = 51;
	objects = {

/* Begin PBXBuildFile section */
		84BC3BE923DA39A6716511FC /* Pods_Chat.framework in Frameworks */ = {isa = PBXBuildFile; fileRef = 5A3A3111D946CDEC5913BDF7 /* Pods_Chat.framework */; };
		A73D3A3E25D5681B00DA3B25 /* GoogleService-Info.plist in Resources */ = {isa = PBXBuildFile; fileRef = A73D3A3D25D5681B00DA3B25 /* GoogleService-Info.plist */; };
		A73D3A5425D589E300DA3B25 /* Constants.swift in Sources */ = {isa = PBXBuildFile; fileRef = A73D3A5325D589E300DA3B25 /* Constants.swift */; };
		A768E19025D53D5500211DE0 /* RegisterController.swift in Sources */ = {isa = PBXBuildFile; fileRef = A768E18F25D53D5500211DE0 /* RegisterController.swift */; };
		A768E19325D53D6C00211DE0 /* LogInController.swift in Sources */ = {isa = PBXBuildFile; fileRef = A768E19225D53D6C00211DE0 /* LogInController.swift */; };
		A768E19625D53D7A00211DE0 /* ChatController.swift in Sources */ = {isa = PBXBuildFile; fileRef = A768E19525D53D7A00211DE0 /* ChatController.swift */; };
		A78855AB25D66905002CF395 /* Message.swift in Sources */ = {isa = PBXBuildFile; fileRef = A78855AA25D66905002CF395 /* Message.swift */; };
		A78855AF25D67A8D002CF395 /* MessageCell.swift in Sources */ = {isa = PBXBuildFile; fileRef = A78855AD25D67A8D002CF395 /* MessageCell.swift */; };
		A78855B025D67A8D002CF395 /* MessageCell.xib in Resources */ = {isa = PBXBuildFile; fileRef = A78855AE25D67A8D002CF395 /* MessageCell.xib */; };
		A7EF48EA25D3E090002E5913 /* AppDelegate.swift in Sources */ = {isa = PBXBuildFile; fileRef = A7EF48E925D3E090002E5913 /* AppDelegate.swift */; };
		A7EF48EC25D3E090002E5913 /* SceneDelegate.swift in Sources */ = {isa = PBXBuildFile; fileRef = A7EF48EB25D3E090002E5913 /* SceneDelegate.swift */; };
		A7EF48EE25D3E090002E5913 /* ViewController.swift in Sources */ = {isa = PBXBuildFile; fileRef = A7EF48ED25D3E090002E5913 /* ViewController.swift */; };
		A7EF48F125D3E090002E5913 /* Main.storyboard in Resources */ = {isa = PBXBuildFile; fileRef = A7EF48EF25D3E090002E5913 /* Main.storyboard */; };
		A7EF48F325D3E091002E5913 /* Assets.xcassets in Resources */ = {isa = PBXBuildFile; fileRef = A7EF48F225D3E091002E5913 /* Assets.xcassets */; };
		A7EF48F625D3E091002E5913 /* LaunchScreen.storyboard in Resources */ = {isa = PBXBuildFile; fileRef = A7EF48F425D3E091002E5913 /* LaunchScreen.storyboard */; };
/* End PBXBuildFile section */

/* Begin PBXFileReference section */
		5A3A3111D946CDEC5913BDF7 /* Pods_Chat.framework */ = {isa = PBXFileReference; explicitFileType = wrapper.framework; includeInIndex = 0; path = Pods_Chat.framework; sourceTree = BUILT_PRODUCTS_DIR; };
		63BAFE6320C4A3AFE21820AB /* Pods-Chat.debug.xcconfig */ = {isa = PBXFileReference; includeInIndex = 1; lastKnownFileType = text.xcconfig; name = "Pods-Chat.debug.xcconfig"; path = "Target Support Files/Pods-Chat/Pods-Chat.debug.xcconfig"; sourceTree = "<group>"; };
		7390FD3131899BC077E578FE /* Pods-Chat.release.xcconfig */ = {isa = PBXFileReference; includeInIndex = 1; lastKnownFileType = text.xcconfig; name = "Pods-Chat.release.xcconfig"; path = "Target Support Files/Pods-Chat/Pods-Chat.release.xcconfig"; sourceTree = "<group>"; };
		A73D3A3D25D5681B00DA3B25 /* GoogleService-Info.plist */ = {isa = PBXFileReference; fileEncoding = 4; lastKnownFileType = text.plist.xml; path = "GoogleService-Info.plist"; sourceTree = "<group>"; };
		A73D3A5325D589E300DA3B25 /* Constants.swift */ = {isa = PBXFileReference; lastKnownFileType = sourcecode.swift; path = Constants.swift; sourceTree = "<group>"; };
		A768E18F25D53D5500211DE0 /* RegisterController.swift */ = {isa = PBXFileReference; lastKnownFileType = sourcecode.swift; path = RegisterController.swift; sourceTree = "<group>"; };
		A768E19225D53D6C00211DE0 /* LogInController.swift */ = {isa = PBXFileReference; lastKnownFileType = sourcecode.swift; path = LogInController.swift; sourceTree = "<group>"; };
		A768E19525D53D7A00211DE0 /* ChatController.swift */ = {isa = PBXFileReference; lastKnownFileType = sourcecode.swift; path = ChatController.swift; sourceTree = "<group>"; };
		A78855AA25D66905002CF395 /* Message.swift */ = {isa = PBXFileReference; lastKnownFileType = sourcecode.swift; path = Message.swift; sourceTree = "<group>"; };
		A78855AD25D67A8D002CF395 /* MessageCell.swift */ = {isa = PBXFileReference; lastKnownFileType = sourcecode.swift; path = MessageCell.swift; sourceTree = "<group>"; };
		A78855AE25D67A8D002CF395 /* MessageCell.xib */ = {isa = PBXFileReference; lastKnownFileType = file.xib; path = MessageCell.xib; sourceTree = "<group>"; };
		A7EF48E625D3E090002E5913 /* Chat.app */ = {isa = PBXFileReference; explicitFileType = wrapper.application; includeInIndex = 0; path = Chat.app; sourceTree = BUILT_PRODUCTS_DIR; };
		A7EF48E925D3E090002E5913 /* AppDelegate.swift */ = {isa = PBXFileReference; lastKnownFileType = sourcecode.swift; path = AppDelegate.swift; sourceTree = "<group>"; };
		A7EF48EB25D3E090002E5913 /* SceneDelegate.swift */ = {isa = PBXFileReference; lastKnownFileType = sourcecode.swift; path = SceneDelegate.swift; sourceTree = "<group>"; };
		A7EF48ED25D3E090002E5913 /* ViewController.swift */ = {isa = PBXFileReference; lastKnownFileType = sourcecode.swift; path = ViewController.swift; sourceTree = "<group>"; };
		A7EF48F025D3E090002E5913 /* Base */ = {isa = PBXFileReference; lastKnownFileType = file.storyboard; name = Base; path = Base.lproj/Main.storyboard; sourceTree = "<group>"; };
		A7EF48F225D3E091002E5913 /* Assets.xcassets */ = {isa = PBXFileReference; lastKnownFileType = folder.assetcatalog; path = Assets.xcassets; sourceTree = "<group>"; };
		A7EF48F525D3E091002E5913 /* Base */ = {isa = PBXFileReference; lastKnownFileType = file.storyboard; name = Base; path = Base.lproj/LaunchScreen.storyboard; sourceTree = "<group>"; };
		A7EF48F725D3E091002E5913 /* Info.plist */ = {isa = PBXFileReference; lastKnownFileType = text.plist.xml; path = Info.plist; sourceTree = "<group>"; };
/* End PBXFileReference section */

/* Begin PBXFrameworksBuildPhase section */
		A7EF48E325D3E090002E5913 /* Frameworks */ = {
			isa = PBXFrameworksBuildPhase;
			buildActionMask = 2147483647;
			files = (
				84BC3BE923DA39A6716511FC /* Pods_Chat.framework in Frameworks */,
			);
			runOnlyForDeploymentPostprocessing = 0;
		};
/* End PBXFrameworksBuildPhase section */

/* Begin PBXGroup section */
		2430325F7BB665D9950D65FB /* Frameworks */ = {
			isa = PBXGroup;
			children = (
				5A3A3111D946CDEC5913BDF7 /* Pods_Chat.framework */,
			);
			name = Frameworks;
			sourceTree = "<group>";
		};
		6AAA18B9A878F1DAC244F19E /* Pods */ = {
			isa = PBXGroup;
			children = (
				63BAFE6320C4A3AFE21820AB /* Pods-Chat.debug.xcconfig */,
				7390FD3131899BC077E578FE /* Pods-Chat.release.xcconfig */,
			);
			path = Pods;
			sourceTree = "<group>";
		};
		A73A649925D53AB900DC7BB3 /* Controllers */ = {
			isa = PBXGroup;
			children = (
				A7EF48ED25D3E090002E5913 /* ViewController.swift */,
				A768E18F25D53D5500211DE0 /* RegisterController.swift */,
				A768E19225D53D6C00211DE0 /* LogInController.swift */,
				A768E19525D53D7A00211DE0 /* ChatController.swift */,
			);
			path = Controllers;
			sourceTree = "<group>";
		};
		A73A649B25D53ACC00DC7BB3 /* Model */ = {
			isa = PBXGroup;
			children = (
				A78855AA25D66905002CF395 /* Message.swift */,
			);
			path = Model;
			sourceTree = "<group>";
		};
		A73A649C25D53AD200DC7BB3 /* Views */ = {
			isa = PBXGroup;
			children = (
				A7EF48EF25D3E090002E5913 /* Main.storyboard */,
				A78855AD25D67A8D002CF395 /* MessageCell.swift */,
				A78855AE25D67A8D002CF395 /* MessageCell.xib */,
			);
			path = Views;
			sourceTree = "<group>";
		};
		A7EF48DD25D3E090002E5913 = {
			isa = PBXGroup;
			children = (
				A73D3A5325D589E300DA3B25 /* Constants.swift */,
				A73A649B25D53ACC00DC7BB3 /* Model */,
				A73A649C25D53AD200DC7BB3 /* Views */,
				A73A649925D53AB900DC7BB3 /* Controllers */,
				A7EF48E825D3E090002E5913 /* Chat */,
				A7EF48E725D3E090002E5913 /* Products */,
				6AAA18B9A878F1DAC244F19E /* Pods */,
				2430325F7BB665D9950D65FB /* Frameworks */,
			);
			sourceTree = "<group>";
		};
		A7EF48E725D3E090002E5913 /* Products */ = {
			isa = PBXGroup;
			children = (
				A7EF48E625D3E090002E5913 /* Chat.app */,
			);
			name = Products;
			sourceTree = "<group>";
		};
		A7EF48E825D3E090002E5913 /* Chat */ = {
			isa = PBXGroup;
			children = (
				A7EF48E925D3E090002E5913 /* AppDelegate.swift */,
				A7EF48EB25D3E090002E5913 /* SceneDelegate.swift */,
				A7EF48F225D3E091002E5913 /* Assets.xcassets */,
				A7EF48F425D3E091002E5913 /* LaunchScreen.storyboard */,
				A73D3A3D25D5681B00DA3B25 /* GoogleService-Info.plist */,
				A7EF48F725D3E091002E5913 /* Info.plist */,
			);
			path = Chat;
			sourceTree = "<group>";
		};
/* End PBXGroup section */

/* Begin PBXNativeTarget section */
		A7EF48E525D3E090002E5913 /* Chat */ = {
			isa = PBXNativeTarget;
			buildConfigurationList = A7EF48FA25D3E091002E5913 /* Build configuration list for PBXNativeTarget "Chat" */;
			buildPhases = (
				035E1388A73C43AF8527CAEA /* [CP] Check Pods Manifest.lock */,
				A7EF48E225D3E090002E5913 /* Sources */,
				A7EF48E325D3E090002E5913 /* Frameworks */,
				A7EF48E425D3E090002E5913 /* Resources */,
				6EBD71729F91DD504519A324 /* [CP] Embed Pods Frameworks */,
			);
			buildRules = (
			);
			dependencies = (
			);
			name = Chat;
			productName = Chat;
			productReference = A7EF48E625D3E090002E5913 /* Chat.app */;
			productType = "com.apple.product-type.application";
		};
/* End PBXNativeTarget section */

/* Begin PBXProject section */
		A7EF48DE25D3E090002E5913 /* Project object */ = {
			isa = PBXProject;
			attributes = {
				LastSwiftUpdateCheck = 1230;
				LastUpgradeCheck = 1230;
				TargetAttributes = {
					A7EF48E525D3E090002E5913 = {
						CreatedOnToolsVersion = 12.3;
					};
				};
			};
			buildConfigurationList = A7EF48E125D3E090002E5913 /* Build configuration list for PBXProject "Chat" */;
			compatibilityVersion = "Xcode 9.3";
			developmentRegion = en;
			hasScannedForEncodings = 0;
			knownRegions = (
				en,
				Base,
			);
			mainGroup = A7EF48DD25D3E090002E5913;
			productRefGroup = A7EF48E725D3E090002E5913 /* Products */;
			projectDirPath = "";
			projectRoot = "";
			targets = (
				A7EF48E525D3E090002E5913 /* Chat */,
			);
		};
/* End PBXProject section */

/* Begin PBXResourcesBuildPhase section */
		A7EF48E425D3E090002E5913 /* Resources */ = {
			isa = PBXResourcesBuildPhase;
			buildActionMask = 2147483647;
			files = (
				A78855B025D67A8D002CF395 /* MessageCell.xib in Resources */,
				A7EF48F625D3E091002E5913 /* LaunchScreen.storyboard in Resources */,
				A73D3A3E25D5681B00DA3B25 /* GoogleService-Info.plist in Resources */,
				A7EF48F325D3E091002E5913 /* Assets.xcassets in Resources */,
				A7EF48F125D3E090002E5913 /* Main.storyboard in Resources */,
			);
			runOnlyForDeploymentPostprocessing = 0;
		};
/* End PBXResourcesBuildPhase section */

/* Begin PBXShellScriptBuildPhase section */
		035E1388A73C43AF8527CAEA /* [CP] Check Pods Manifest.lock */ = {
			isa = PBXShellScriptBuildPhase;
			buildActionMask = 2147483647;
			files = (
			);
			inputFileListPaths = (
			);
			inputPaths = (
				"${PODS_PODFILE_DIR_PATH}/Podfile.lock",
				"${PODS_ROOT}/Manifest.lock",
			);
			name = "[CP] Check Pods Manifest.lock";
			outputFileListPaths = (
			);
			outputPaths = (
				"$(DERIVED_FILE_DIR)/Pods-Chat-checkManifestLockResult.txt",
			);
			runOnlyForDeploymentPostprocessing = 0;
			shellPath = /bin/sh;
			shellScript = "diff \"${PODS_PODFILE_DIR_PATH}/Podfile.lock\" \"${PODS_ROOT}/Manifest.lock\" > /dev/null\nif [ $? != 0 ] ; then\n    # print error to STDERR\n    echo \"error: The sandbox is not in sync with the Podfile.lock. Run 'pod install' or update your CocoaPods installation.\" >&2\n    exit 1\nfi\n# This output is used by Xcode 'outputs' to avoid re-running this script phase.\necho \"SUCCESS\" > \"${SCRIPT_OUTPUT_FILE_0}\"\n";
			showEnvVarsInLog = 0;
		};
		6EBD71729F91DD504519A324 /* [CP] Embed Pods Frameworks */ = {
			isa = PBXShellScriptBuildPhase;
			buildActionMask = 2147483647;
			files = (
			);
			inputFileListPaths = (
				"${PODS_ROOT}/Target Support Files/Pods-Chat/Pods-Chat-frameworks-${CONFIGURATION}-input-files.xcfilelist",
			);
			name = "[CP] Embed Pods Frameworks";
			outputFileListPaths = (
				"${PODS_ROOT}/Target Support Files/Pods-Chat/Pods-Chat-frameworks-${CONFIGURATION}-output-files.xcfilelist",
			);
			runOnlyForDeploymentPostprocessing = 0;
			shellPath = /bin/sh;
			shellScript = "\"${PODS_ROOT}/Target Support Files/Pods-Chat/Pods-Chat-frameworks.sh\"\n";
			showEnvVarsInLog = 0;
		};
/* End PBXShellScriptBuildPhase section */

/* Begin PBXSourcesBuildPhase section */
		A7EF48E225D3E090002E5913 /* Sources */ = {
			isa = PBXSourcesBuildPhase;
			buildActionMask = 2147483647;
			files = (
				A768E19025D53D5500211DE0 /* RegisterController.swift in Sources */,
				A7EF48EE25D3E090002E5913 /* ViewController.swift in Sources */,
				A768E19325D53D6C00211DE0 /* LogInController.swift in Sources */,
				A7EF48EA25D3E090002E5913 /* AppDelegate.swift in Sources */,
				A73D3A5425D589E300DA3B25 /* Constants.swift in Sources */,
				A78855AB25D66905002CF395 /* Message.swift in Sources */,
				A7EF48EC25D3E090002E5913 /* SceneDelegate.swift in Sources */,
				A768E19625D53D7A00211DE0 /* ChatController.swift in Sources */,
				A78855AF25D67A8D002CF395 /* MessageCell.swift in Sources */,
			);
			runOnlyForDeploymentPostprocessing = 0;
		};
/* End PBXSourcesBuildPhase section */

/* Begin PBXVariantGroup section */
		A7EF48EF25D3E090002E5913 /* Main.storyboard */ = {
			isa = PBXVariantGroup;
			children = (
				A7EF48F025D3E090002E5913 /* Base */,
			);
			name = Main.storyboard;
			sourceTree = "<group>";
		};
		A7EF48F425D3E091002E5913 /* LaunchScreen.storyboard */ = {
			isa = PBXVariantGroup;
			children = (
				A7EF48F525D3E091002E5913 /* Base */,
			);
			name = LaunchScreen.storyboard;
			sourceTree = "<group>";
		};
/* End PBXVariantGroup section */

/* Begin XCBuildConfiguration section */
		A7EF48F825D3E091002E5913 /* Debug */ = {
			isa = XCBuildConfiguration;
			buildSettings = {
				ALWAYS_SEARCH_USER_PATHS = NO;
				CLANG_ANALYZER_NONNULL = YES;
				CLANG_ANALYZER_NUMBER_OBJECT_CONVERSION = YES_AGGRESSIVE;
				CLANG_CXX_LANGUAGE_STANDARD = "gnu++14";
				CLANG_CXX_LIBRARY = "libc++";
				CLANG_ENABLE_MODULES = YES;
				CLANG_ENABLE_OBJC_ARC = YES;
				CLANG_ENABLE_OBJC_WEAK = YES;
				CLANG_WARN_BLOCK_CAPTURE_AUTORELEASING = YES;
				CLANG_WARN_BOOL_CONVERSION = YES;
				CLANG_WARN_COMMA = YES;
				CLANG_WARN_CONSTANT_CONVERSION = YES;
				CLANG_WARN_DEPRECATED_OBJC_IMPLEMENTATIONS = YES;
				CLANG_WARN_DIRECT_OBJC_ISA_USAGE = YES_ERROR;
				CLANG_WARN_DOCUMENTATION_COMMENTS = YES;
				CLANG_WARN_EMPTY_BODY = YES;
				CLANG_WARN_ENUM_CONVERSION = YES;
				CLANG_WARN_INFINITE_RECURSION = YES;
				CLANG_WARN_INT_CONVERSION = YES;
				CLANG_WARN_NON_LITERAL_NULL_CONVERSION = YES;
				CLANG_WARN_OBJC_IMPLICIT_RETAIN_SELF = YES;
				CLANG_WARN_OBJC_LITERAL_CONVERSION = YES;
				CLANG_WARN_OBJC_ROOT_CLASS = YES_ERROR;
				CLANG_WARN_QUOTED_INCLUDE_IN_FRAMEWORK_HEADER = YES;
				CLANG_WARN_RANGE_LOOP_ANALYSIS = YES;
				CLANG_WARN_STRICT_PROTOTYPES = YES;
				CLANG_WARN_SUSPICIOUS_MOVE = YES;
				CLANG_WARN_UNGUARDED_AVAILABILITY = YES_AGGRESSIVE;
				CLANG_WARN_UNREACHABLE_CODE = YES;
				CLANG_WARN__DUPLICATE_METHOD_MATCH = YES;
				COPY_PHASE_STRIP = NO;
				DEBUG_INFORMATION_FORMAT = dwarf;
				ENABLE_STRICT_OBJC_MSGSEND = YES;
				ENABLE_TESTABILITY = YES;
				GCC_C_LANGUAGE_STANDARD = gnu11;
				GCC_DYNAMIC_NO_PIC = NO;
				GCC_NO_COMMON_BLOCKS = YES;
				GCC_OPTIMIZATION_LEVEL = 0;
				GCC_PREPROCESSOR_DEFINITIONS = (
					"DEBUG=1",
					"$(inherited)",
				);
				GCC_WARN_64_TO_32_BIT_CONVERSION = YES;
				GCC_WARN_ABOUT_RETURN_TYPE = YES_ERROR;
				GCC_WARN_UNDECLARED_SELECTOR = YES;
				GCC_WARN_UNINITIALIZED_AUTOS = YES_AGGRESSIVE;
				GCC_WARN_UNUSED_FUNCTION = YES;
				GCC_WARN_UNUSED_VARIABLE = YES;
				IPHONEOS_DEPLOYMENT_TARGET = 14.3;
				MTL_ENABLE_DEBUG_INFO = INCLUDE_SOURCE;
				MTL_FAST_MATH = YES;
				ONLY_ACTIVE_ARCH = YES;
				SDKROOT = iphoneos;
				SWIFT_ACTIVE_COMPILATION_CONDITIONS = DEBUG;
				SWIFT_OPTIMIZATION_LEVEL = "-Onone";
			};
			name = Debug;
		};
		A7EF48F925D3E091002E5913 /* Release */ = {
			isa = XCBuildConfiguration;
			buildSettings = {
				ALWAYS_SEARCH_USER_PATHS = NO;
				CLANG_ANALYZER_NONNULL = YES;
				CLANG_ANALYZER_NUMBER_OBJECT_CONVERSION = YES_AGGRESSIVE;
				CLANG_CXX_LANGUAGE_STANDARD = "gnu++14";
				CLANG_CXX_LIBRARY = "libc++";
				CLANG_ENABLE_MODULES = YES;
				CLANG_ENABLE_OBJC_ARC = YES;
				CLANG_ENABLE_OBJC_WEAK = YES;
				CLANG_WARN_BLOCK_CAPTURE_AUTORELEASING = YES;
				CLANG_WARN_BOOL_CONVERSION = YES;
				CLANG_WARN_COMMA = YES;
				CLANG_WARN_CONSTANT_CONVERSION = YES;
				CLANG_WARN_DEPRECATED_OBJC_IMPLEMENTATIONS = YES;
				CLANG_WARN_DIRECT_OBJC_ISA_USAGE = YES_ERROR;
				CLANG_WARN_DOCUMENTATION_COMMENTS = YES;
				CLANG_WARN_EMPTY_BODY = YES;
				CLANG_WARN_ENUM_CONVERSION = YES;
				CLANG_WARN_INFINITE_RECURSION = YES;
				CLANG_WARN_INT_CONVERSION = YES;
				CLANG_WARN_NON_LITERAL_NULL_CONVERSION = YES;
				CLANG_WARN_OBJC_IMPLICIT_RETAIN_SELF = YES;
				CLANG_WARN_OBJC_LITERAL_CONVERSION = YES;
				CLANG_WARN_OBJC_ROOT_CLASS = YES_ERROR;
				CLANG_WARN_QUOTED_INCLUDE_IN_FRAMEWORK_HEADER = YES;
				CLANG_WARN_RANGE_LOOP_ANALYSIS = YES;
				CLANG_WARN_STRICT_PROTOTYPES = YES;
				CLANG_WARN_SUSPICIOUS_MOVE = YES;
				CLANG_WARN_UNGUARDED_AVAILABILITY = YES_AGGRESSIVE;
				CLANG_WARN_UNREACHABLE_CODE = YES;
				CLANG_WARN__DUPLICATE_METHOD_MATCH = YES;
				COPY_PHASE_STRIP = NO;
				DEBUG_INFORMATION_FORMAT = "dwarf-with-dsym";
				ENABLE_NS_ASSERTIONS = NO;
				ENABLE_STRICT_OBJC_MSGSEND = YES;
				GCC_C_LANGUAGE_STANDARD = gnu11;
				GCC_NO_COMMON_BLOCKS = YES;
				GCC_WARN_64_TO_32_BIT_CONVERSION = YES;
				GCC_WARN_ABOUT_RETURN_TYPE = YES_ERROR;
				GCC_WARN_UNDECLARED_SELECTOR = YES;
				GCC_WARN_UNINITIALIZED_AUTOS = YES_AGGRESSIVE;
				GCC_WARN_UNUSED_FUNCTION = YES;
				GCC_WARN_UNUSED_VARIABLE = YES;
				IPHONEOS_DEPLOYMENT_TARGET = 14.3;
				MTL_ENABLE_DEBUG_INFO = NO;
				MTL_FAST_MATH = YES;
				SDKROOT = iphoneos;
				SWIFT_COMPILATION_MODE = wholemodule;
				SWIFT_OPTIMIZATION_LEVEL = "-O";
				VALIDATE_PRODUCT = YES;
			};
			name = Release;
		};
		A7EF48FB25D3E091002E5913 /* Debug */ = {
			isa = XCBuildConfiguration;
			baseConfigurationReference = 63BAFE6320C4A3AFE21820AB /* Pods-Chat.debug.xcconfig */;
			buildSettings = {
				ASSETCATALOG_COMPILER_APPICON_NAME = AppIcon;
				ASSETCATALOG_COMPILER_GLOBAL_ACCENT_COLOR_NAME = AccentColor;
				CODE_SIGN_STYLE = Automatic;
				DEVELOPMENT_TEAM = GGA73G37Y2;
				INFOPLIST_FILE = Chat/Info.plist;
				LD_RUNPATH_SEARCH_PATHS = (
					"$(inherited)",
					"@executable_path/Frameworks",
				);
				PRODUCT_BUNDLE_IDENTIFIER = co.ackdevelepment.Chat;
				PRODUCT_NAME = "$(TARGET_NAME)";
				SWIFT_VERSION = 5.0;
				TARGETED_DEVICE_FAMILY = "1,2";
			};
			name = Debug;
		};
		A7EF48FC25D3E091002E5913 /* Release */ = {
			isa = XCBuildConfiguration;
			baseConfigurationReference = 7390FD3131899BC077E578FE /* Pods-Chat.release.xcconfig */;
			buildSettings = {
				ASSETCATALOG_COMPILER_APPICON_NAME = AppIcon;
				ASSETCATALOG_COMPILER_GLOBAL_ACCENT_COLOR_NAME = AccentColor;
				CODE_SIGN_STYLE = Automatic;
				DEVELOPMENT_TEAM = GGA73G37Y2;
				INFOPLIST_FILE = Chat/Info.plist;
				LD_RUNPATH_SEARCH_PATHS = (
					"$(inherited)",
					"@executable_path/Frameworks",
				);
				PRODUCT_BUNDLE_IDENTIFIER = co.ackdevelepment.Chat;
				PRODUCT_NAME = "$(TARGET_NAME)";
				SWIFT_VERSION = 5.0;
				TARGETED_DEVICE_FAMILY = "1,2";
			};
			name = Release;
		};
/* End XCBuildConfiguration section */

/* Begin XCConfigurationList section */
		A7EF48E125D3E090002E5913 /* Build configuration list for PBXProject "Chat" */ = {
			isa = XCConfigurationList;
			buildConfigurations = (
				A7EF48F825D3E091002E5913 /* Debug */,
				A7EF48F925D3E091002E5913 /* Release */,
			);
			defaultConfigurationIsVisible = 0;
			defaultConfigurationName = Release;
		};
		A7EF48FA25D3E091002E5913 /* Build configuration list for PBXNativeTarget "Chat" */ = {
			isa = XCConfigurationList;
			buildConfigurations = (
				A7EF48FB25D3E091002E5913 /* Debug */,
				A7EF48FC25D3E091002E5913 /* Release */,
			);
			defaultConfigurationIsVisible = 0;
			defaultConfigurationName = Release;
		};
/* End XCConfigurationList section */
	};
	rootObject = A7EF48DE25D3E090002E5913 /* Project object */;
}
